
Microsoft Visual Studio Solution File, Format Version 11.00
# Visual Studio 2010
Project("{8BC9CEB8-8B4A-11D0-8D11-00A0C91BC942}") = "TWAIN_App_mfc", "TWAIN_APP_VS2017_mfc.vcxproj", "{A41F1D7E-7F85-410C-89FF-A82545154628}"
EndProject
Global
	GlobalSection(SolutionConfigurationPlatforms) = preSolution
		Debug|Win32 = Debug|Win32
		Debug|x64 = Debug|x64
		Release|Win32 = Release|Win32
		Release|x64 = Release|x64
	EndGlobalSection
	GlobalSection(ProjectConfigurationPlatforms) = postSolution
		{A41F1D7E-7F85-410C-89FF-A82545154628}.Debug|Win32.ActiveCfg = Debug|Win32
		{A41F1D7E-7F85-410C-89FF-A82545154628}.Debug|Win32.Build.0 = Debug|Win32
		{A41F1D7E-7F85-410C-89FF-A82545154628}.Debug|x64.ActiveCfg = Debug|x64
		{A41F1D7E-7F85-410C-89FF-A82545154628}.Debug|x64.Build.0 = Debug|x64
		{A41F1D7E-7F85-410C-89FF-A82545154628}.Release|Win32.ActiveCfg = Release|Win32
		{A41F1D7E-7F85-410C-89FF-A82545154628}.Release|Win32.Build.0 = Release|Win32
		{A41F1D7E-7F85-410C-89FF-A82545154628}.Release|x64.ActiveCfg = Release|x64
		{A41F1D7E-7F85-410C-89FF-A82545154628}.Release|x64.Build.0 = Release|x64
	EndGlobalSection
	GlobalSection(SolutionProperties) = preSolution
		HideSolutionNode = FALSE
	EndGlobalSection
EndGlobal
