
Microsoft Visual Studio Solution File, Format Version 12.00
# Visual Studio 15
VisualStudioVersion = 15.0.27428.2015
MinimumVisualStudioVersion = 10.0.40219.1
Project("{8BC9CEB8-8B4A-11D0-8D11-00A0C91BC942}") = "TWAIN_APP_CMD", "TWAIN_APP_VS2017.vcxproj", "{431AD693-726F-41AB-AA59-B81F5D2E5847}"
EndProject
Global
	GlobalSection(SolutionConfigurationPlatforms) = preSolution
		Debug|x64 = Debug|x64
		Debug|x86 = Debug|x86
		Release|x64 = Release|x64
		Release|x86 = Release|x86
	EndGlobalSection
	GlobalSection(ProjectConfigurationPlatforms) = postSolution
		{431AD693-726F-41AB-AA59-B81F5D2E5847}.Debug|x64.ActiveCfg = Debug|x64
		{431AD693-726F-41AB-AA59-B81F5D2E5847}.Debug|x64.Build.0 = Debug|x64
		{431AD693-726F-41AB-AA59-B81F5D2E5847}.Debug|x86.ActiveCfg = Debug|Win32
		{431AD693-726F-41AB-AA59-B81F5D2E5847}.Debug|x86.Build.0 = Debug|Win32
		{431AD693-726F-41AB-AA59-B81F5D2E5847}.Release|x64.ActiveCfg = Release|x64
		{431AD693-726F-41AB-AA59-B81F5D2E5847}.Release|x64.Build.0 = Release|x64
		{431AD693-726F-41AB-AA59-B81F5D2E5847}.Release|x86.ActiveCfg = Release|Win32
		{431AD693-726F-41AB-AA59-B81F5D2E5847}.Release|x86.Build.0 = Release|Win32
	EndGlobalSection
	GlobalSection(SolutionProperties) = preSolution
		HideSolutionNode = FALSE
	EndGlobalSection
	GlobalSection(ExtensibilityGlobals) = postSolution
		SolutionGuid = {10B262D9-92DC-4841-89DA-D3828E6068E8}
	EndGlobalSection
EndGlobal
