
Microsoft Visual Studio Solution File, Format Version 10.00
# Visual Studio 2008
Project("{8BC9CEB8-8B4A-11D0-8D11-00A0C91BC942}") = "TWAIN_APP_CMD", "TWAIN_APP_VS2008.vcproj", "{431AD693-726F-41AB-AA59-B81F5D2E5847}"
EndProject
Global
	GlobalSection(SolutionConfigurationPlatforms) = preSolution
		Debug|Win32 = Debug|Win32
		Debug|x64 = Debug|x64
		Release|Win32 = Release|Win32
		Release|x64 = Release|x64
	EndGlobalSection
	GlobalSection(ProjectConfigurationPlatforms) = postSolution
		{431AD693-726F-41AB-AA59-B81F5D2E5847}.Debug|Win32.ActiveCfg = Debug|Win32
		{431AD693-726F-41AB-AA59-B81F5D2E5847}.Debug|Win32.Build.0 = Debug|Win32
		{431AD693-726F-41AB-AA59-B81F5D2E5847}.Debug|x64.ActiveCfg = Debug|x64
		{431AD693-726F-41AB-AA59-B81F5D2E5847}.Debug|x64.Build.0 = Debug|x64
		{431AD693-726F-41AB-AA59-B81F5D2E5847}.Release|Win32.ActiveCfg = Release|Win32
		{431AD693-726F-41AB-AA59-B81F5D2E5847}.Release|Win32.Build.0 = Release|Win32
		{431AD693-726F-41AB-AA59-B81F5D2E5847}.Release|x64.ActiveCfg = Release|x64
		{431AD693-726F-41AB-AA59-B81F5D2E5847}.Release|x64.Build.0 = Release|x64
	EndGlobalSection
	GlobalSection(SolutionProperties) = preSolution
		HideSolutionNode = FALSE
	EndGlobalSection
EndGlobal
