Microsoft Visual Studio Solution File, Format Version 8.00
Project("{8BC9CEB8-8B4A-11D0-8D11-00A0C91BC942}") = "TWAINDS_Sample01", "TWAINDS_VS2003.vcproj", "{1E73CADF-90D9-45E9-97E2-CD25E3532DB4}"
	ProjectSection(ProjectDependencies) = postProject
	EndProjectSection
EndProject
Global
	GlobalSection(SourceCodeControl) = preSolution
		SccNumberOfProjects = 2
		SccProjectName0 = \u0022$/TWG/TWAINDS_Sample01/visual_studio_2003\u0022,\u0020PJBAAAAA
		SccLocalPath0 = .
		SccProvider0 = MSSCCI:Microsoft\u0020Visual\u0020SourceSafe
		CanCheckoutShared = true
		SolutionUniqueID = {BB99FB30-0920-4948-8F53-AA5DD57B33A9}
		SccProjectUniqueName1 = TWAINDS_Sample01.vcproj
		SccProjectName1 = \u0022$/TWG/TWAINDS_Sample01\u0022,\u0020VEBAAAAA
		SccLocalPath1 = ..
		CanCheckoutShared = true
		SccProjectFilePathRelativizedFromConnection1 = visual_studio_2003\\
	EndGlobalSection
	GlobalSection(SolutionConfiguration) = preSolution
		Debug = Debug
		Release = Release
	EndGlobalSection
	GlobalSection(ProjectConfiguration) = postSolution
		{1E73CADF-90D9-45E9-97E2-CD25E3532DB4}.Debug.ActiveCfg = Debug|Win32
		{1E73CADF-90D9-45E9-97E2-CD25E3532DB4}.Debug.Build.0 = Debug|Win32
		{1E73CADF-90D9-45E9-97E2-CD25E3532DB4}.Release.ActiveCfg = Release|Win32
		{1E73CADF-90D9-45E9-97E2-CD25E3532DB4}.Release.Build.0 = Release|Win32
	EndGlobalSection
	GlobalSection(ExtensibilityGlobals) = postSolution
	EndGlobalSection
	GlobalSection(ExtensibilityAddIns) = postSolution
	EndGlobalSection
EndGlobal
